// !$*UTF8*$!
{
	archiveVersion = 1;
	classes = {
	};
	objectVersion = 48;
	objects = {

/* Begin PBXBuildFile section */
		1581A8671F5F52C700BAECAA /* AppDelegate.swift in Sources */ = {isa = PBXBuildFile; fileRef = 1581A8661F5F52C700BAECAA /* AppDelegate.swift */; };
		1581A8691F5F52C700BAECAA /* ViewController.swift in Sources */ = {isa = PBXBuildFile; fileRef = 1581A8681F5F52C700BAECAA /* ViewController.swift */; };
		1581A86C1F5F52C700BAECAA /* Main.storyboard in Resources */ = {isa = PBXBuildFile; fileRef = 1581A86A1F5F52C700BAECAA /* Main.storyboard */; };
		1581A86E1F5F52C700BAECAA /* Assets.xcassets in Resources */ = {isa = PBXBuildFile; fileRef = 1581A86D1F5F52C700BAECAA /* Assets.xcassets */; };
		1581A8711F5F52C700BAECAA /* LaunchScreen.storyboard in Resources */ = {isa = PBXBuildFile; fileRef = 1581A86F1F5F52C700BAECAA /* LaunchScreen.storyboard */; };
		1581A8791F5F52F500BAECAA /* ITunesProxy.swift in Sources */ = {isa = PBXBuildFile; fileRef = 1581A8781F5F52F500BAECAA /* ITunesProxy.swift */; };
/* End PBXBuildFile section */

/* Begin PBXFileReference section */
		1581A8631F5F52C700BAECAA /* Proxy.app */ = {isa = PBXFileReference; explicitFileType = wrapper.application; includeInIndex = 0; path = Proxy.app; sourceTree = BUILT_PRODUCTS_DIR; };
		1581A8661F5F52C700BAECAA /* AppDelegate.swift */ = {isa = PBXFileReference; lastKnownFileType = sourcecode.swift; path = AppDelegate.swift; sourceTree = "<group>"; };
		1581A8681F5F52C700BAECAA /* ViewController.swift */ = {isa = PBXFileReference; lastKnownFileType = sourcecode.swift; path = ViewController.swift; sourceTree = "<group>"; };
		1581A86B1F5F52C700BAECAA /* Base */ = {isa = PBXFileReference; lastKnownFileType = file.storyboard; name = Base; path = Base.lproj/Main.storyboard; sourceTree = "<group>"; };
		1581A86D1F5F52C700BAECAA /* Assets.xcassets */ = {isa = PBXFileReference; lastKnownFileType = folder.assetcatalog; path = Assets.xcassets; sourceTree = "<group>"; };
		1581A8701F5F52C700BAECAA /* Base */ = {isa = PBXFileReference; lastKnownFileType = file.storyboard; name = Base; path = Base.lproj/LaunchScreen.storyboard; sourceTree = "<group>"; };
		1581A8721F5F52C700BAECAA /* Info.plist */ = {isa = PBXFileReference; lastKnownFileType = text.plist.xml; path = Info.plist; sourceTree = "<group>"; };
		1581A8781F5F52F500BAECAA /* ITunesProxy.swift */ = {isa = PBXFileReference; lastKnownFileType = sourcecode.swift; path = ITunesProxy.swift; sourceTree = "<group>"; };
/* End PBXFileReference section */

/* Begin PBXFrameworksBuildPhase section */
		1581A8601F5F52C700BAECAA /* Frameworks */ = {
			isa = PBXFrameworksBuildPhase;
			buildActionMask = 2147483647;
			files = (
			);
			runOnlyForDeploymentPostprocessing = 0;
		};
/* End PBXFrameworksBuildPhase section */

/* Begin PBXGroup section */
		1581A85A1F5F52C700BAECAA = {
			isa = PBXGroup;
			children = (
				1581A8651F5F52C700BAECAA /* Proxy */,
				1581A8641F5F52C700BAECAA /* Products */,
			);
			sourceTree = "<group>";
		};
		1581A8641F5F52C700BAECAA /* Products */ = {
			isa = PBXGroup;
			children = (
				1581A8631F5F52C700BAECAA /* Proxy.app */,
			);
			name = Products;
			sourceTree = "<group>";
		};
		1581A8651F5F52C700BAECAA /* Proxy */ = {
			isa = PBXGroup;
			children = (
				1581A8661F5F52C700BAECAA /* AppDelegate.swift */,
				1581A8681F5F52C700BAECAA /* ViewController.swift */,
				1581A86A1F5F52C700BAECAA /* Main.storyboard */,
				1581A86D1F5F52C700BAECAA /* Assets.xcassets */,
				1581A86F1F5F52C700BAECAA /* LaunchScreen.storyboard */,
				1581A8721F5F52C700BAECAA /* Info.plist */,
				1581A8781F5F52F500BAECAA /* ITunesProxy.swift */,
			);
			path = Proxy;
			sourceTree = "<group>";
		};
/* End PBXGroup section */

/* Begin PBXNativeTarget section */
		1581A8621F5F52C700BAECAA /* Proxy */ = {
			isa = PBXNativeTarget;
			buildConfigurationList = 1581A8751F5F52C700BAECAA /* Build configuration list for PBXNativeTarget "Proxy" */;
			buildPhases = (
				1581A85F1F5F52C700BAECAA /* Sources */,
				1581A8601F5F52C700BAECAA /* Frameworks */,
				1581A8611F5F52C700BAECAA /* Resources */,
			);
			buildRules = (
			);
			dependencies = (
			);
			name = Proxy;
			productName = Proxy;
			productReference = 1581A8631F5F52C700BAECAA /* Proxy.app */;
			productType = "com.apple.product-type.application";
		};
/* End PBXNativeTarget section */

/* Begin PBXProject section */
		1581A85B1F5F52C700BAECAA /* Project object */ = {
			isa = PBXProject;
			attributes = {
				LastSwiftUpdateCheck = 0900;
				LastUpgradeCheck = 0900;
				ORGANIZATIONNAME = "Jon Hoffman";
				TargetAttributes = {
					1581A8621F5F52C700BAECAA = {
						CreatedOnToolsVersion = 9.0;
					};
				};
			};
			buildConfigurationList = 1581A85E1F5F52C700BAECAA /* Build configuration list for PBXProject "Proxy" */;
			compatibilityVersion = "Xcode 8.0";
			developmentRegion = en;
			hasScannedForEncodings = 0;
			knownRegions = (
				en,
				Base,
			);
			mainGroup = 1581A85A1F5F52C700BAECAA;
			productRefGroup = 1581A8641F5F52C700BAECAA /* Products */;
			projectDirPath = "";
			projectRoot = "";
			targets = (
				1581A8621F5F52C700BAECAA /* Proxy */,
			);
		};
/* End PBXProject section */

/* Begin PBXResourcesBuildPhase section */
		1581A8611F5F52C700BAECAA /* Resources */ = {
			isa = PBXResourcesBuildPhase;
			buildActionMask = 2147483647;
			files = (
				1581A8711F5F52C700BAECAA /* LaunchScreen.storyboard in Resources */,
				1581A86E1F5F52C700BAECAA /* Assets.xcassets in Resources */,
				1581A86C1F5F52C700BAECAA /* Main.storyboard in Resources */,
			);
			runOnlyForDeploymentPostprocessing = 0;
		};
/* End PBXResourcesBuildPhase section */

/* Begin PBXSourcesBuildPhase section */
		1581A85F1F5F52C700BAECAA /* Sources */ = {
			isa = PBXSourcesBuildPhase;
			buildActionMask = 2147483647;
			files = (
				1581A8691F5F52C700BAECAA /* ViewController.swift in Sources */,
				1581A8791F5F52F500BAECAA /* ITunesProxy.swift in Sources */,
				1581A8671F5F52C700BAECAA /* AppDelegate.swift in Sources */,
			);
			runOnlyForDeploymentPostprocessing = 0;
		};
/* End PBXSourcesBuildPhase section */

/* Begin PBXVariantGroup section */
		1581A86A1F5F52C700BAECAA /* Main.storyboard */ = {
			isa = PBXVariantGroup;
			children = (
				1581A86B1F5F52C700BAECAA /* Base */,
			);
			name = Main.storyboard;
			sourceTree = "<group>";
		};
		1581A86F1F5F52C700BAECAA /* LaunchScreen.storyboard */ = {
			isa = PBXVariantGroup;
			children = (
				1581A8701F5F52C700BAECAA /* Base */,
			);
			name = LaunchScreen.storyboard;
			sourceTree = "<group>";
		};
/* End PBXVariantGroup section */

/* Begin XCBuildConfiguration section */
		1581A8731F5F52C700BAECAA /* Debug */ = {
			isa = XCBuildConfiguration;
			buildSettings = {
				ALWAYS_SEARCH_USER_PATHS = NO;
				CLANG_ANALYZER_NONNULL = YES;
				CLANG_ANALYZER_NUMBER_OBJECT_CONVERSION = YES_AGGRESSIVE;
				CLANG_CXX_LANGUAGE_STANDARD = "gnu++14";
				CLANG_CXX_LIBRARY = "libc++";
				CLANG_ENABLE_MODULES = YES;
				CLANG_ENABLE_OBJC_ARC = YES;
				CLANG_WARN_BLOCK_CAPTURE_AUTORELEASING = YES;
				CLANG_WARN_BOOL_CONVERSION = YES;
				CLANG_WARN_COMMA = YES;
				CLANG_WARN_CONSTANT_CONVERSION = YES;
				CLANG_WARN_DIRECT_OBJC_ISA_USAGE = YES_ERROR;
				CLANG_WARN_DOCUMENTATION_COMMENTS = YES;
				CLANG_WARN_EMPTY_BODY = YES;
				CLANG_WARN_ENUM_CONVERSION = YES;
				CLANG_WARN_INFINITE_RECURSION = YES;
				CLANG_WARN_INT_CONVERSION = YES;
				CLANG_WARN_NON_LITERAL_NULL_CONVERSION = YES;
				CLANG_WARN_OBJC_LITERAL_CONVERSION = YES;
				CLANG_WARN_OBJC_ROOT_CLASS = YES_ERROR;
				CLANG_WARN_RANGE_LOOP_ANALYSIS = YES;
				CLANG_WARN_STRICT_PROTOTYPES = YES;
				CLANG_WARN_SUSPICIOUS_MOVE = YES;
				CLANG_WARN_UNGUARDED_AVAILABILITY = YES_AGGRESSIVE;
				CLANG_WARN_UNREACHABLE_CODE = YES;
				CLANG_WARN__DUPLICATE_METHOD_MATCH = YES;
				CODE_SIGN_IDENTITY = "iPhone Developer";
				COPY_PHASE_STRIP = NO;
				DEBUG_INFORMATION_FORMAT = dwarf;
				ENABLE_STRICT_OBJC_MSGSEND = YES;
				ENABLE_TESTABILITY = YES;
				GCC_C_LANGUAGE_STANDARD = gnu11;
				GCC_DYNAMIC_NO_PIC = NO;
				GCC_NO_COMMON_BLOCKS = YES;
				GCC_OPTIMIZATION_LEVEL = 0;
				GCC_PREPROCESSOR_DEFINITIONS = (
					"DEBUG=1",
					"$(inherited)",
				);
				GCC_WARN_64_TO_32_BIT_CONVERSION = YES;
				GCC_WARN_ABOUT_RETURN_TYPE = YES_ERROR;
				GCC_WARN_UNDECLARED_SELECTOR = YES;
				GCC_WARN_UNINITIALIZED_AUTOS = YES_AGGRESSIVE;
				GCC_WARN_UNUSED_FUNCTION = YES;
				GCC_WARN_UNUSED_VARIABLE = YES;
				IPHONEOS_DEPLOYMENT_TARGET = 11.0;
				MTL_ENABLE_DEBUG_INFO = YES;
				ONLY_ACTIVE_ARCH = YES;
				SDKROOT = iphoneos;
				SWIFT_ACTIVE_COMPILATION_CONDITIONS = DEBUG;
				SWIFT_OPTIMIZATION_LEVEL = "-Onone";
			};
			name = Debug;
		};
		1581A8741F5F52C700BAECAA /* Release */ = {
			isa = XCBuildConfiguration;
			buildSettings = {
				ALWAYS_SEARCH_USER_PATHS = NO;
				CLANG_ANALYZER_NONNULL = YES;
				CLANG_ANALYZER_NUMBER_OBJECT_CONVERSION = YES_AGGRESSIVE;
				CLANG_CXX_LANGUAGE_STANDARD = "gnu++14";
				CLANG_CXX_LIBRARY = "libc++";
				CLANG_ENABLE_MODULES = YES;
				CLANG_ENABLE_OBJC_ARC = YES;
				CLANG_WARN_BLOCK_CAPTURE_AUTORELEASING = YES;
				CLANG_WARN_BOOL_CONVERSION = YES;
				CLANG_WARN_COMMA = YES;
				CLANG_WARN_CONSTANT_CONVERSION = YES;
				CLANG_WARN_DIRECT_OBJC_ISA_USAGE = YES_ERROR;
				CLANG_WARN_DOCUMENTATION_COMMENTS = YES;
				CLANG_WARN_EMPTY_BODY = YES;
				CLANG_WARN_ENUM_CONVERSION = YES;
				CLANG_WARN_INFINITE_RECURSION = YES;
				CLANG_WARN_INT_CONVERSION = YES;
				CLANG_WARN_NON_LITERAL_NULL_CONVERSION = YES;
				CLANG_WARN_OBJC_LITERAL_CONVERSION = YES;
				CLANG_WARN_OBJC_ROOT_CLASS = YES_ERROR;
				CLANG_WARN_RANGE_LOOP_ANALYSIS = YES;
				CLANG_WARN_STRICT_PROTOTYPES = YES;
				CLANG_WARN_SUSPICIOUS_MOVE = YES;
				CLANG_WARN_UNGUARDED_AVAILABILITY = YES_AGGRESSIVE;
				CLANG_WARN_UNREACHABLE_CODE = YES;
				CLANG_WARN__DUPLICATE_METHOD_MATCH = YES;
				CODE_SIGN_IDENTITY = "iPhone Developer";
				COPY_PHASE_STRIP = NO;
				DEBUG_INFORMATION_FORMAT = "dwarf-with-dsym";
				ENABLE_NS_ASSERTIONS = NO;
				ENABLE_STRICT_OBJC_MSGSEND = YES;
				GCC_C_LANGUAGE_STANDARD = gnu11;
				GCC_NO_COMMON_BLOCKS = YES;
				GCC_WARN_64_TO_32_BIT_CONVERSION = YES;
				GCC_WARN_ABOUT_RETURN_TYPE = YES_ERROR;
				GCC_WARN_UNDECLARED_SELECTOR = YES;
				GCC_WARN_UNINITIALIZED_AUTOS = YES_AGGRESSIVE;
				GCC_WARN_UNUSED_FUNCTION = YES;
				GCC_WARN_UNUSED_VARIABLE = YES;
				IPHONEOS_DEPLOYMENT_TARGET = 11.0;
				MTL_ENABLE_DEBUG_INFO = NO;
				SDKROOT = iphoneos;
				SWIFT_OPTIMIZATION_LEVEL = "-Owholemodule";
				VALIDATE_PRODUCT = YES;
			};
			name = Release;
		};
		1581A8761F5F52C700BAECAA /* Debug */ = {
			isa = XCBuildConfiguration;
			buildSettings = {
				ASSETCATALOG_COMPILER_APPICON_NAME = AppIcon;
				INFOPLIST_FILE = Proxy/Info.plist;
				LD_RUNPATH_SEARCH_PATHS = "$(inherited) @executable_path/Frameworks";
				PRODUCT_BUNDLE_IDENTIFIER = hoffman.jon.Proxy;
				PRODUCT_NAME = "$(TARGET_NAME)";
				SWIFT_VERSION = 4.0;
				TARGETED_DEVICE_FAMILY = "1,2";
			};
			name = Debug;
		};
		1581A8771F5F52C700BAECAA /* Release */ = {
			isa = XCBuildConfiguration;
			buildSettings = {
				ASSETCATALOG_COMPILER_APPICON_NAME = AppIcon;
				INFOPLIST_FILE = Proxy/Info.plist;
				LD_RUNPATH_SEARCH_PATHS = "$(inherited) @executable_path/Frameworks";
				PRODUCT_BUNDLE_IDENTIFIER = hoffman.jon.Proxy;
				PRODUCT_NAME = "$(TARGET_NAME)";
				SWIFT_VERSION = 4.0;
				TARGETED_DEVICE_FAMILY = "1,2";
			};
			name = Release;
		};
/* End XCBuildConfiguration section */

/* Begin XCConfigurationList section */
		1581A85E1F5F52C700BAECAA /* Build configuration list for PBXProject "Proxy" */ = {
			isa = XCConfigurationList;
			buildConfigurations = (
				1581A8731F5F52C700BAECAA /* Debug */,
				1581A8741F5F52C700BAECAA /* Release */,
			);
			defaultConfigurationIsVisible = 0;
			defaultConfigurationName = Release;
		};
		1581A8751F5F52C700BAECAA /* Build configuration list for PBXNativeTarget "Proxy" */ = {
			isa = XCConfigurationList;
			buildConfigurations = (
				1581A8761F5F52C700BAECAA /* Debug */,
				1581A8771F5F52C700BAECAA /* Release */,
			);
			defaultConfigurationIsVisible = 0;
			defaultConfigurationName = Release;
		};
/* End XCConfigurationList section */
	};
	rootObject = 1581A85B1F5F52C700BAECAA /* Project object */;
}
